
Microsoft Visual Studio Solution File, Format Version 12.00
# Visual Studio 15
VisualStudioVersion = 15.0.27004.2002
MinimumVisualStudioVersion = 10.0.40219.1
Project("{FAE04EC0-301F-11D3-BF4B-00C04F79EFBC}") = "DrivingSchoolManagement", "DrivingSchoolManagement\DrivingSchoolManagement.csproj", "{9CD941E7-A060-4BC4-81C8-A8CD0B72E6C0}"
EndProject
Project("{FAE04EC0-301F-11D3-BF4B-00C04F79EFBC}") = "DrivingSchoolDb", "DrivingSchoolDb\DrivingSchoolDb.csproj", "{1C79F54B-6181-4E73-89EA-FA41B6FA8D9A}"
EndProject
Project("{FAE04EC0-301F-11D3-BF4B-00C04F79EFBC}") = "DrivingSchoolManagement.Tests", "DrivingSchoolManagement.Tests\DrivingSchoolManagement.Tests.csproj", "{EBE9D0F6-FBF8-4C58-A7A6-690DC408022F}"
EndProject
Global
	GlobalSection(SolutionConfigurationPlatforms) = preSolution
		Debug|Any CPU = Debug|Any CPU
		Release|Any CPU = Release|Any CPU
	EndGlobalSection
	GlobalSection(ProjectConfigurationPlatforms) = postSolution
		{9CD941E7-A060-4BC4-81C8-A8CD0B72E6C0}.Debug|Any CPU.ActiveCfg = Debug|Any CPU
		{9CD941E7-A060-4BC4-81C8-A8CD0B72E6C0}.Debug|Any CPU.Build.0 = Debug|Any CPU
		{9CD941E7-A060-4BC4-81C8-A8CD0B72E6C0}.Release|Any CPU.ActiveCfg = Release|Any CPU
		{9CD941E7-A060-4BC4-81C8-A8CD0B72E6C0}.Release|Any CPU.Build.0 = Release|Any CPU
		{1C79F54B-6181-4E73-89EA-FA41B6FA8D9A}.Debug|Any CPU.ActiveCfg = Debug|Any CPU
		{1C79F54B-6181-4E73-89EA-FA41B6FA8D9A}.Debug|Any CPU.Build.0 = Debug|Any CPU
		{1C79F54B-6181-4E73-89EA-FA41B6FA8D9A}.Release|Any CPU.ActiveCfg = Release|Any CPU
		{1C79F54B-6181-4E73-89EA-FA41B6FA8D9A}.Release|Any CPU.Build.0 = Release|Any CPU
		{EBE9D0F6-FBF8-4C58-A7A6-690DC408022F}.Debug|Any CPU.ActiveCfg = Debug|Any CPU
		{EBE9D0F6-FBF8-4C58-A7A6-690DC408022F}.Debug|Any CPU.Build.0 = Debug|Any CPU
		{EBE9D0F6-FBF8-4C58-A7A6-690DC408022F}.Release|Any CPU.ActiveCfg = Release|Any CPU
		{EBE9D0F6-FBF8-4C58-A7A6-690DC408022F}.Release|Any CPU.Build.0 = Release|Any CPU
	EndGlobalSection
	GlobalSection(SolutionProperties) = preSolution
		HideSolutionNode = FALSE
	EndGlobalSection
	GlobalSection(ExtensibilityGlobals) = postSolution
		SolutionGuid = {DE20D285-7B27-4398-AD06-B9604D2DECD6}
	EndGlobalSection
EndGlobal
